
Microsoft Visual Studio Solution File, Format Version 12.00
# Visual Studio Version 17
VisualStudioVersion = 17.5.002.0
MinimumVisualStudioVersion = 10.0.40219.1
Project("{9A19103F-16F7-4668-BE54-9A1E7A4F7556}") = "PlatformService", "PlatformService.csproj", "{FA6DC16C-D072-4153-B054-2BCCF3AC62B8}"
EndProject
Global
	GlobalSection(SolutionConfigurationPlatforms) = preSolution
		Debug|Any CPU = Debug|Any CPU
		Release|Any CPU = Release|Any CPU
	EndGlobalSection
	GlobalSection(ProjectConfigurationPlatforms) = postSolution
		{FA6DC16C-D072-4153-B054-2BCCF3AC62B8}.Debug|Any CPU.ActiveCfg = Debug|Any CPU
		{FA6DC16C-D072-4153-B054-2BCCF3AC62B8}.Debug|Any CPU.Build.0 = Debug|Any CPU
		{FA6DC16C-D072-4153-B054-2BCCF3AC62B8}.Release|Any CPU.ActiveCfg = Release|Any CPU
		{FA6DC16C-D072-4153-B054-2BCCF3AC62B8}.Release|Any CPU.Build.0 = Release|Any CPU
	EndGlobalSection
	GlobalSection(SolutionProperties) = preSolution
		HideSolutionNode = FALSE
	EndGlobalSection
	GlobalSection(ExtensibilityGlobals) = postSolution
		SolutionGuid = {A710CDC4-3EF4-4151-A396-F89E22A34A31}
	EndGlobalSection
EndGlobal
